
Microsoft Visual Studio Solution File, Format Version 12.00
# Visual Studio Version 16
VisualStudioVersion = 16.0.31019.35
MinimumVisualStudioVersion = 10.0.40219.1
Project("{FAE04EC0-301F-11D3-BF4B-00C04F79EFBC}") = "TranMinhHao_5951071021", "TranMinhHao_5951071021\TranMinhHao_5951071021.csproj", "{10E81DE4-314B-4D22-89A7-7E1A09FC419F}"
EndProject
Global
	GlobalSection(SolutionConfigurationPlatforms) = preSolution
		Debug|Any CPU = Debug|Any CPU
		Release|Any CPU = Release|Any CPU
	EndGlobalSection
	GlobalSection(ProjectConfigurationPlatforms) = postSolution
		{10E81DE4-314B-4D22-89A7-7E1A09FC419F}.Debug|Any CPU.ActiveCfg = Debug|Any CPU
		{10E81DE4-314B-4D22-89A7-7E1A09FC419F}.Debug|Any CPU.Build.0 = Debug|Any CPU
		{10E81DE4-314B-4D22-89A7-7E1A09FC419F}.Release|Any CPU.ActiveCfg = Release|Any CPU
		{10E81DE4-314B-4D22-89A7-7E1A09FC419F}.Release|Any CPU.Build.0 = Release|Any CPU
	EndGlobalSection
	GlobalSection(SolutionProperties) = preSolution
		HideSolutionNode = FALSE
	EndGlobalSection
	GlobalSection(ExtensibilityGlobals) = postSolution
		SolutionGuid = {A41E4A41-1B29-495F-85EB-3ED9F4AFCA50}
	EndGlobalSection
EndGlobal
